
Microsoft Visual Studio Solution File, Format Version 12.00
# Visual Studio 2012
Project("{FAE04EC0-301F-11D3-BF4B-00C04F79EFBC}") = "EventStore", "EventStore\EventStore.csproj", "{3CABE3C1-1D75-414A-8D1E-C4EC5BC8967E}"
EndProject
Project("{FAE04EC0-301F-11D3-BF4B-00C04F79EFBC}") = "Hydration.AutoMapper", "Hydration\Hydration.AutoMapper.csproj", "{02346047-9B23-49F3-B522-9D48C7C63AED}"
EndProject
Project("{FAE04EC0-301F-11D3-BF4B-00C04F79EFBC}") = "Persistence.InMemory", "Persistence\Persistence.InMemory.csproj", "{2488749B-96B9-4EC6-85B2-590270DBAA73}"
EndProject
Project("{FAE04EC0-301F-11D3-BF4B-00C04F79EFBC}") = "Serialization.BinaryFormatter", "Serialization\Serialization.BinaryFormatter.csproj", "{3992C3F8-0E2F-4B81-98E4-3C2A4900939D}"
EndProject
Project("{2150E333-8FDC-42A3-9474-1A3956D46DE8}") = "Hydration", "Hydration", "{E064C8A7-8333-4594-B1D4-4030E52972AB}"
EndProject
Project("{2150E333-8FDC-42A3-9474-1A3956D46DE8}") = "Persistence", "Persistence", "{CE33A8ED-63F5-4631-B2A6-DAD6B61535EC}"
EndProject
Project("{FAE04EC0-301F-11D3-BF4B-00C04F79EFBC}") = "Persistence.SqlServer2008", "Persistence\Persistence.SqlServer2008\Persistence.SqlServer2008.csproj", "{3E92FB4E-0D75-4E50-A054-BF991853A2D3}"
EndProject
Project("{2150E333-8FDC-42A3-9474-1A3956D46DE8}") = "Serialization", "Serialization", "{DE2D6C87-A7EF-4EDA-B8B5-C1D52E8DF175}"
EndProject
Project("{FAE04EC0-301F-11D3-BF4B-00C04F79EFBC}") = "EventStore.Tests", "EventStore.Tests\EventStore.Tests.csproj", "{10554568-93D7-49CB-B39B-8F9A0358CC7D}"
EndProject
Project("{FAE04EC0-301F-11D3-BF4B-00C04F79EFBC}") = "Serialization.XmlDataContract", "Serialization\Serialization.Xml\Serialization.XmlDataContract.csproj", "{CD77EF08-146E-4B08-95EE-98F1C091C8C5}"
EndProject
Project("{2150E333-8FDC-42A3-9474-1A3956D46DE8}") = "Samples", "Samples", "{837016BE-CF12-41A8-9868-8C00667CFD75}"
EndProject
Project("{FAE04EC0-301F-11D3-BF4B-00C04F79EFBC}") = "SimpleInMemorySample", "Samples\SimpleSample\SimpleInMemorySample.csproj", "{5E53C5A3-D084-41D8-ACC8-6E5F894F2757}"
EndProject
Project("{FAE04EC0-301F-11D3-BF4B-00C04F79EFBC}") = "SimpleSqlServer2008Sample", "SimpleSqlServer2008Sample\SimpleSqlServer2008Sample.csproj", "{6582482A-448E-46BA-B6E1-309DFB742696}"
EndProject
Project("{FAE04EC0-301F-11D3-BF4B-00C04F79EFBC}") = "SnapshotsSample", "SnapshotsSample\SnapshotsSample.csproj", "{A2301D6D-9807-445F-A2BD-660A34BE2885}"
EndProject
Global
	GlobalSection(SolutionConfigurationPlatforms) = preSolution
		Debug|Any CPU = Debug|Any CPU
		Release|Any CPU = Release|Any CPU
	EndGlobalSection
	GlobalSection(ProjectConfigurationPlatforms) = postSolution
		{3CABE3C1-1D75-414A-8D1E-C4EC5BC8967E}.Debug|Any CPU.ActiveCfg = Debug|Any CPU
		{3CABE3C1-1D75-414A-8D1E-C4EC5BC8967E}.Debug|Any CPU.Build.0 = Debug|Any CPU
		{3CABE3C1-1D75-414A-8D1E-C4EC5BC8967E}.Release|Any CPU.ActiveCfg = Release|Any CPU
		{3CABE3C1-1D75-414A-8D1E-C4EC5BC8967E}.Release|Any CPU.Build.0 = Release|Any CPU
		{02346047-9B23-49F3-B522-9D48C7C63AED}.Debug|Any CPU.ActiveCfg = Debug|Any CPU
		{02346047-9B23-49F3-B522-9D48C7C63AED}.Debug|Any CPU.Build.0 = Debug|Any CPU
		{02346047-9B23-49F3-B522-9D48C7C63AED}.Release|Any CPU.ActiveCfg = Release|Any CPU
		{02346047-9B23-49F3-B522-9D48C7C63AED}.Release|Any CPU.Build.0 = Release|Any CPU
		{2488749B-96B9-4EC6-85B2-590270DBAA73}.Debug|Any CPU.ActiveCfg = Debug|Any CPU
		{2488749B-96B9-4EC6-85B2-590270DBAA73}.Debug|Any CPU.Build.0 = Debug|Any CPU
		{2488749B-96B9-4EC6-85B2-590270DBAA73}.Release|Any CPU.ActiveCfg = Release|Any CPU
		{2488749B-96B9-4EC6-85B2-590270DBAA73}.Release|Any CPU.Build.0 = Release|Any CPU
		{3992C3F8-0E2F-4B81-98E4-3C2A4900939D}.Debug|Any CPU.ActiveCfg = Debug|Any CPU
		{3992C3F8-0E2F-4B81-98E4-3C2A4900939D}.Debug|Any CPU.Build.0 = Debug|Any CPU
		{3992C3F8-0E2F-4B81-98E4-3C2A4900939D}.Release|Any CPU.ActiveCfg = Release|Any CPU
		{3992C3F8-0E2F-4B81-98E4-3C2A4900939D}.Release|Any CPU.Build.0 = Release|Any CPU
		{3E92FB4E-0D75-4E50-A054-BF991853A2D3}.Debug|Any CPU.ActiveCfg = Debug|Any CPU
		{3E92FB4E-0D75-4E50-A054-BF991853A2D3}.Debug|Any CPU.Build.0 = Debug|Any CPU
		{3E92FB4E-0D75-4E50-A054-BF991853A2D3}.Release|Any CPU.ActiveCfg = Release|Any CPU
		{3E92FB4E-0D75-4E50-A054-BF991853A2D3}.Release|Any CPU.Build.0 = Release|Any CPU
		{10554568-93D7-49CB-B39B-8F9A0358CC7D}.Debug|Any CPU.ActiveCfg = Debug|Any CPU
		{10554568-93D7-49CB-B39B-8F9A0358CC7D}.Debug|Any CPU.Build.0 = Debug|Any CPU
		{10554568-93D7-49CB-B39B-8F9A0358CC7D}.Release|Any CPU.ActiveCfg = Release|Any CPU
		{10554568-93D7-49CB-B39B-8F9A0358CC7D}.Release|Any CPU.Build.0 = Release|Any CPU
		{CD77EF08-146E-4B08-95EE-98F1C091C8C5}.Debug|Any CPU.ActiveCfg = Debug|Any CPU
		{CD77EF08-146E-4B08-95EE-98F1C091C8C5}.Debug|Any CPU.Build.0 = Debug|Any CPU
		{CD77EF08-146E-4B08-95EE-98F1C091C8C5}.Release|Any CPU.ActiveCfg = Release|Any CPU
		{CD77EF08-146E-4B08-95EE-98F1C091C8C5}.Release|Any CPU.Build.0 = Release|Any CPU
		{5E53C5A3-D084-41D8-ACC8-6E5F894F2757}.Debug|Any CPU.ActiveCfg = Debug|Any CPU
		{5E53C5A3-D084-41D8-ACC8-6E5F894F2757}.Debug|Any CPU.Build.0 = Debug|Any CPU
		{5E53C5A3-D084-41D8-ACC8-6E5F894F2757}.Release|Any CPU.ActiveCfg = Release|Any CPU
		{5E53C5A3-D084-41D8-ACC8-6E5F894F2757}.Release|Any CPU.Build.0 = Release|Any CPU
		{6582482A-448E-46BA-B6E1-309DFB742696}.Debug|Any CPU.ActiveCfg = Debug|Any CPU
		{6582482A-448E-46BA-B6E1-309DFB742696}.Debug|Any CPU.Build.0 = Debug|Any CPU
		{6582482A-448E-46BA-B6E1-309DFB742696}.Release|Any CPU.ActiveCfg = Release|Any CPU
		{6582482A-448E-46BA-B6E1-309DFB742696}.Release|Any CPU.Build.0 = Release|Any CPU
		{A2301D6D-9807-445F-A2BD-660A34BE2885}.Debug|Any CPU.ActiveCfg = Debug|Any CPU
		{A2301D6D-9807-445F-A2BD-660A34BE2885}.Debug|Any CPU.Build.0 = Debug|Any CPU
		{A2301D6D-9807-445F-A2BD-660A34BE2885}.Release|Any CPU.ActiveCfg = Release|Any CPU
		{A2301D6D-9807-445F-A2BD-660A34BE2885}.Release|Any CPU.Build.0 = Release|Any CPU
	EndGlobalSection
	GlobalSection(SolutionProperties) = preSolution
		HideSolutionNode = FALSE
	EndGlobalSection
	GlobalSection(NestedProjects) = preSolution
		{02346047-9B23-49F3-B522-9D48C7C63AED} = {E064C8A7-8333-4594-B1D4-4030E52972AB}
		{2488749B-96B9-4EC6-85B2-590270DBAA73} = {CE33A8ED-63F5-4631-B2A6-DAD6B61535EC}
		{3E92FB4E-0D75-4E50-A054-BF991853A2D3} = {CE33A8ED-63F5-4631-B2A6-DAD6B61535EC}
		{DE2D6C87-A7EF-4EDA-B8B5-C1D52E8DF175} = {CE33A8ED-63F5-4631-B2A6-DAD6B61535EC}
		{3992C3F8-0E2F-4B81-98E4-3C2A4900939D} = {DE2D6C87-A7EF-4EDA-B8B5-C1D52E8DF175}
		{CD77EF08-146E-4B08-95EE-98F1C091C8C5} = {DE2D6C87-A7EF-4EDA-B8B5-C1D52E8DF175}
		{5E53C5A3-D084-41D8-ACC8-6E5F894F2757} = {837016BE-CF12-41A8-9868-8C00667CFD75}
		{6582482A-448E-46BA-B6E1-309DFB742696} = {837016BE-CF12-41A8-9868-8C00667CFD75}
		{A2301D6D-9807-445F-A2BD-660A34BE2885} = {837016BE-CF12-41A8-9868-8C00667CFD75}
	EndGlobalSection
EndGlobal
